
Microsoft Visual Studio Solution File, Format Version 12.00
# Visual Studio Version 16
VisualStudioVersion = 16.0.31105.61
MinimumVisualStudioVersion = 10.0.40219.1
Project("{9A19103F-16F7-4668-BE54-9A1E7A4F7556}") = "WeatherApp", "WeatherApp\WeatherApp.csproj", "{9082C7A9-F579-485C-83ED-07D701635FF4}"
EndProject
Project("{9A19103F-16F7-4668-BE54-9A1E7A4F7556}") = "OpenWeatherApiLibrary", "OpenWeatherApiLibrary\OpenWeatherApiLibrary.csproj", "{66F1E010-80B5-4B30-AC21-3A69A0785916}"
EndProject
Project("{FAE04EC0-301F-11D3-BF4B-00C04F79EFBC}") = "OpenWeatherApiLibraryTests", "OpenWeatherApiLibraryTests\OpenWeatherApiLibraryTests.csproj", "{D297ADB1-CA8E-42BD-85C0-5922F567B6D2}"
EndProject
Global
	GlobalSection(SolutionConfigurationPlatforms) = preSolution
		Debug|Any CPU = Debug|Any CPU
		Release|Any CPU = Release|Any CPU
	EndGlobalSection
	GlobalSection(ProjectConfigurationPlatforms) = postSolution
		{9082C7A9-F579-485C-83ED-07D701635FF4}.Debug|Any CPU.ActiveCfg = Debug|Any CPU
		{9082C7A9-F579-485C-83ED-07D701635FF4}.Debug|Any CPU.Build.0 = Debug|Any CPU
		{9082C7A9-F579-485C-83ED-07D701635FF4}.Release|Any CPU.ActiveCfg = Release|Any CPU
		{9082C7A9-F579-485C-83ED-07D701635FF4}.Release|Any CPU.Build.0 = Release|Any CPU
		{66F1E010-80B5-4B30-AC21-3A69A0785916}.Debug|Any CPU.ActiveCfg = Debug|Any CPU
		{66F1E010-80B5-4B30-AC21-3A69A0785916}.Debug|Any CPU.Build.0 = Debug|Any CPU
		{66F1E010-80B5-4B30-AC21-3A69A0785916}.Release|Any CPU.ActiveCfg = Release|Any CPU
		{66F1E010-80B5-4B30-AC21-3A69A0785916}.Release|Any CPU.Build.0 = Release|Any CPU
		{D297ADB1-CA8E-42BD-85C0-5922F567B6D2}.Debug|Any CPU.ActiveCfg = Debug|Any CPU
		{D297ADB1-CA8E-42BD-85C0-5922F567B6D2}.Debug|Any CPU.Build.0 = Debug|Any CPU
		{D297ADB1-CA8E-42BD-85C0-5922F567B6D2}.Release|Any CPU.ActiveCfg = Release|Any CPU
		{D297ADB1-CA8E-42BD-85C0-5922F567B6D2}.Release|Any CPU.Build.0 = Release|Any CPU
	EndGlobalSection
	GlobalSection(SolutionProperties) = preSolution
		HideSolutionNode = FALSE
	EndGlobalSection
	GlobalSection(ExtensibilityGlobals) = postSolution
		SolutionGuid = {EFC6E156-C0E6-4015-B807-AD6938020F0E}
	EndGlobalSection
EndGlobal
